// !$*UTF8*$!
{
	archiveVersion = 1;
	classes = {
	};
	objectVersion = 56;
	objects = {

/* Begin PBXBuildFile section */
		AA3857382ABE74690000E4FB /* Farmacine_NowApp.swift in Sources */ = {isa = PBXBuildFile; fileRef = AA3857372ABE74690000E4FB /* Farmacine_NowApp.swift */; };
		AA38573A2ABE74690000E4FB /* ContentView.swift in Sources */ = {isa = PBXBuildFile; fileRef = AA3857392ABE74690000E4FB /* ContentView.swift */; };
		AA38573C2ABE746B0000E4FB /* Assets.xcassets in Resources */ = {isa = PBXBuildFile; fileRef = AA38573B2ABE746B0000E4FB /* Assets.xcassets */; };
		AA38573F2ABE746B0000E4FB /* Preview Assets.xcassets in Resources */ = {isa = PBXBuildFile; fileRef = AA38573E2ABE746B0000E4FB /* Preview Assets.xcassets */; };
		AA3857492ABE746B0000E4FB /* Farmacine_NowTests.swift in Sources */ = {isa = PBXBuildFile; fileRef = AA3857482ABE746B0000E4FB /* Farmacine_NowTests.swift */; };
		AA3857532ABE746B0000E4FB /* Farmacine_NowUITests.swift in Sources */ = {isa = PBXBuildFile; fileRef = AA3857522ABE746B0000E4FB /* Farmacine_NowUITests.swift */; };
		AA3857552ABE746B0000E4FB /* Farmacine_NowUITestsLaunchTests.swift in Sources */ = {isa = PBXBuildFile; fileRef = AA3857542ABE746B0000E4FB /* Farmacine_NowUITestsLaunchTests.swift */; };
/* End PBXBuildFile section */

/* Begin PBXContainerItemProxy section */
		AA3857452ABE746B0000E4FB /* PBXContainerItemProxy */ = {
			isa = PBXContainerItemProxy;
			containerPortal = AA38572C2ABE74690000E4FB /* Project object */;
			proxyType = 1;
			remoteGlobalIDString = AA3857332ABE74690000E4FB;
			remoteInfo = "Farmacine Now";
		};
		AA38574F2ABE746B0000E4FB /* PBXContainerItemProxy */ = {
			isa = PBXContainerItemProxy;
			containerPortal = AA38572C2ABE74690000E4FB /* Project object */;
			proxyType = 1;
			remoteGlobalIDString = AA3857332ABE74690000E4FB;
			remoteInfo = "Farmacine Now";
		};
/* End PBXContainerItemProxy section */

/* Begin PBXFileReference section */
		AA3857342ABE74690000E4FB /* Farmacine Now.app */ = {isa = PBXFileReference; explicitFileType = wrapper.application; includeInIndex = 0; path = "Farmacine Now.app"; sourceTree = BUILT_PRODUCTS_DIR; };
		AA3857372ABE74690000E4FB /* Farmacine_NowApp.swift */ = {isa = PBXFileReference; lastKnownFileType = sourcecode.swift; path = Farmacine_NowApp.swift; sourceTree = "<group>"; };
		AA3857392ABE74690000E4FB /* ContentView.swift */ = {isa = PBXFileReference; lastKnownFileType = sourcecode.swift; path = ContentView.swift; sourceTree = "<group>"; };
		AA38573B2ABE746B0000E4FB /* Assets.xcassets */ = {isa = PBXFileReference; lastKnownFileType = folder.assetcatalog; path = Assets.xcassets; sourceTree = "<group>"; };
		AA38573E2ABE746B0000E4FB /* Preview Assets.xcassets */ = {isa = PBXFileReference; lastKnownFileType = folder.assetcatalog; path = "Preview Assets.xcassets"; sourceTree = "<group>"; };
		AA3857442ABE746B0000E4FB /* Farmacine NowTests.xctest */ = {isa = PBXFileReference; explicitFileType = wrapper.cfbundle; includeInIndex = 0; path = "Farmacine NowTests.xctest"; sourceTree = BUILT_PRODUCTS_DIR; };
		AA3857482ABE746B0000E4FB /* Farmacine_NowTests.swift */ = {isa = PBXFileReference; lastKnownFileType = sourcecode.swift; path = Farmacine_NowTests.swift; sourceTree = "<group>"; };
		AA38574E2ABE746B0000E4FB /* Farmacine NowUITests.xctest */ = {isa = PBXFileReference; explicitFileType = wrapper.cfbundle; includeInIndex = 0; path = "Farmacine NowUITests.xctest"; sourceTree = BUILT_PRODUCTS_DIR; };
		AA3857522ABE746B0000E4FB /* Farmacine_NowUITests.swift */ = {isa = PBXFileReference; lastKnownFileType = sourcecode.swift; path = Farmacine_NowUITests.swift; sourceTree = "<group>"; };
		AA3857542ABE746B0000E4FB /* Farmacine_NowUITestsLaunchTests.swift */ = {isa = PBXFileReference; lastKnownFileType = sourcecode.swift; path = Farmacine_NowUITestsLaunchTests.swift; sourceTree = "<group>"; };
/* End PBXFileReference section */

/* Begin PBXFrameworksBuildPhase section */
		AA3857312ABE74690000E4FB /* Frameworks */ = {
			isa = PBXFrameworksBuildPhase;
			buildActionMask = 2147483647;
			files = (
			);
			runOnlyForDeploymentPostprocessing = 0;
		};
		AA3857412ABE746B0000E4FB /* Frameworks */ = {
			isa = PBXFrameworksBuildPhase;
			buildActionMask = 2147483647;
			files = (
			);
			runOnlyForDeploymentPostprocessing = 0;
		};
		AA38574B2ABE746B0000E4FB /* Frameworks */ = {
			isa = PBXFrameworksBuildPhase;
			buildActionMask = 2147483647;
			files = (
			);
			runOnlyForDeploymentPostprocessing = 0;
		};
/* End PBXFrameworksBuildPhase section */

/* Begin PBXGroup section */
		AA38572B2ABE74690000E4FB = {
			isa = PBXGroup;
			children = (
				AA3857362ABE74690000E4FB /* Farmacine Now */,
				AA3857472ABE746B0000E4FB /* Farmacine NowTests */,
				AA3857512ABE746B0000E4FB /* Farmacine NowUITests */,
				AA3857352ABE74690000E4FB /* Products */,
			);
			sourceTree = "<group>";
		};
		AA3857352ABE74690000E4FB /* Products */ = {
			isa = PBXGroup;
			children = (
				AA3857342ABE74690000E4FB /* Farmacine Now.app */,
				AA3857442ABE746B0000E4FB /* Farmacine NowTests.xctest */,
				AA38574E2ABE746B0000E4FB /* Farmacine NowUITests.xctest */,
			);
			name = Products;
			sourceTree = "<group>";
		};
		AA3857362ABE74690000E4FB /* Farmacine Now */ = {
			isa = PBXGroup;
			children = (
				AA3857372ABE74690000E4FB /* Farmacine_NowApp.swift */,
				AA3857392ABE74690000E4FB /* ContentView.swift */,
				AA38573B2ABE746B0000E4FB /* Assets.xcassets */,
				AA38573D2ABE746B0000E4FB /* Preview Content */,
			);
			path = "Farmacine Now";
			sourceTree = "<group>";
		};
		AA38573D2ABE746B0000E4FB /* Preview Content */ = {
			isa = PBXGroup;
			children = (
				AA38573E2ABE746B0000E4FB /* Preview Assets.xcassets */,
			);
			path = "Preview Content";
			sourceTree = "<group>";
		};
		AA3857472ABE746B0000E4FB /* Farmacine NowTests */ = {
			isa = PBXGroup;
			children = (
				AA3857482ABE746B0000E4FB /* Farmacine_NowTests.swift */,
			);
			path = "Farmacine NowTests";
			sourceTree = "<group>";
		};
		AA3857512ABE746B0000E4FB /* Farmacine NowUITests */ = {
			isa = PBXGroup;
			children = (
				AA3857522ABE746B0000E4FB /* Farmacine_NowUITests.swift */,
				AA3857542ABE746B0000E4FB /* Farmacine_NowUITestsLaunchTests.swift */,
			);
			path = "Farmacine NowUITests";
			sourceTree = "<group>";
		};
/* End PBXGroup section */

/* Begin PBXNativeTarget section */
		AA3857332ABE74690000E4FB /* Farmacine Now */ = {
			isa = PBXNativeTarget;
			buildConfigurationList = AA3857582ABE746B0000E4FB /* Build configuration list for PBXNativeTarget "Farmacine Now" */;
			buildPhases = (
				AA3857302ABE74690000E4FB /* Sources */,
				AA3857312ABE74690000E4FB /* Frameworks */,
				AA3857322ABE74690000E4FB /* Resources */,
			);
			buildRules = (
			);
			dependencies = (
			);
			name = "Farmacine Now";
			productName = "Farmacine Now";
			productReference = AA3857342ABE74690000E4FB /* Farmacine Now.app */;
			productType = "com.apple.product-type.application";
		};
		AA3857432ABE746B0000E4FB /* Farmacine NowTests */ = {
			isa = PBXNativeTarget;
			buildConfigurationList = AA38575B2ABE746B0000E4FB /* Build configuration list for PBXNativeTarget "Farmacine NowTests" */;
			buildPhases = (
				AA3857402ABE746B0000E4FB /* Sources */,
				AA3857412ABE746B0000E4FB /* Frameworks */,
				AA3857422ABE746B0000E4FB /* Resources */,
			);
			buildRules = (
			);
			dependencies = (
				AA3857462ABE746B0000E4FB /* PBXTargetDependency */,
			);
			name = "Farmacine NowTests";
			productName = "Farmacine NowTests";
			productReference = AA3857442ABE746B0000E4FB /* Farmacine NowTests.xctest */;
			productType = "com.apple.product-type.bundle.unit-test";
		};
		AA38574D2ABE746B0000E4FB /* Farmacine NowUITests */ = {
			isa = PBXNativeTarget;
			buildConfigurationList = AA38575E2ABE746B0000E4FB /* Build configuration list for PBXNativeTarget "Farmacine NowUITests" */;
			buildPhases = (
				AA38574A2ABE746B0000E4FB /* Sources */,
				AA38574B2ABE746B0000E4FB /* Frameworks */,
				AA38574C2ABE746B0000E4FB /* Resources */,
			);
			buildRules = (
			);
			dependencies = (
				AA3857502ABE746B0000E4FB /* PBXTargetDependency */,
			);
			name = "Farmacine NowUITests";
			productName = "Farmacine NowUITests";
			productReference = AA38574E2ABE746B0000E4FB /* Farmacine NowUITests.xctest */;
			productType = "com.apple.product-type.bundle.ui-testing";
		};
/* End PBXNativeTarget section */

/* Begin PBXProject section */
		AA38572C2ABE74690000E4FB /* Project object */ = {
			isa = PBXProject;
			attributes = {
				BuildIndependentTargetsInParallel = 1;
				LastSwiftUpdateCheck = 1430;
				LastUpgradeCheck = 1430;
				TargetAttributes = {
					AA3857332ABE74690000E4FB = {
						CreatedOnToolsVersion = 14.3;
					};
					AA3857432ABE746B0000E4FB = {
						CreatedOnToolsVersion = 14.3;
						TestTargetID = AA3857332ABE74690000E4FB;
					};
					AA38574D2ABE746B0000E4FB = {
						CreatedOnToolsVersion = 14.3;
						TestTargetID = AA3857332ABE74690000E4FB;
					};
				};
			};
			buildConfigurationList = AA38572F2ABE74690000E4FB /* Build configuration list for PBXProject "Farmacine Now" */;
			compatibilityVersion = "Xcode 14.0";
			developmentRegion = en;
			hasScannedForEncodings = 0;
			knownRegions = (
				en,
				Base,
			);
			mainGroup = AA38572B2ABE74690000E4FB;
			productRefGroup = AA3857352ABE74690000E4FB /* Products */;
			projectDirPath = "";
			projectRoot = "";
			targets = (
				AA3857332ABE74690000E4FB /* Farmacine Now */,
				AA3857432ABE746B0000E4FB /* Farmacine NowTests */,
				AA38574D2ABE746B0000E4FB /* Farmacine NowUITests */,
			);
		};
/* End PBXProject section */

/* Begin PBXResourcesBuildPhase section */
		AA3857322ABE74690000E4FB /* Resources */ = {
			isa = PBXResourcesBuildPhase;
			buildActionMask = 2147483647;
			files = (
				AA38573F2ABE746B0000E4FB /* Preview Assets.xcassets in Resources */,
				AA38573C2ABE746B0000E4FB /* Assets.xcassets in Resources */,
			);
			runOnlyForDeploymentPostprocessing = 0;
		};
		AA3857422ABE746B0000E4FB /* Resources */ = {
			isa = PBXResourcesBuildPhase;
			buildActionMask = 2147483647;
			files = (
			);
			runOnlyForDeploymentPostprocessing = 0;
		};
		AA38574C2ABE746B0000E4FB /* Resources */ = {
			isa = PBXResourcesBuildPhase;
			buildActionMask = 2147483647;
			files = (
			);
			runOnlyForDeploymentPostprocessing = 0;
		};
/* End PBXResourcesBuildPhase section */

/* Begin PBXSourcesBuildPhase section */
		AA3857302ABE74690000E4FB /* Sources */ = {
			isa = PBXSourcesBuildPhase;
			buildActionMask = 2147483647;
			files = (
				AA38573A2ABE74690000E4FB /* ContentView.swift in Sources */,
				AA3857382ABE74690000E4FB /* Farmacine_NowApp.swift in Sources */,
			);
			runOnlyForDeploymentPostprocessing = 0;
		};
		AA3857402ABE746B0000E4FB /* Sources */ = {
			isa = PBXSourcesBuildPhase;
			buildActionMask = 2147483647;
			files = (
				AA3857492ABE746B0000E4FB /* Farmacine_NowTests.swift in Sources */,
			);
			runOnlyForDeploymentPostprocessing = 0;
		};
		AA38574A2ABE746B0000E4FB /* Sources */ = {
			isa = PBXSourcesBuildPhase;
			buildActionMask = 2147483647;
			files = (
				AA3857552ABE746B0000E4FB /* Farmacine_NowUITestsLaunchTests.swift in Sources */,
				AA3857532ABE746B0000E4FB /* Farmacine_NowUITests.swift in Sources */,
			);
			runOnlyForDeploymentPostprocessing = 0;
		};
/* End PBXSourcesBuildPhase section */

/* Begin PBXTargetDependency section */
		AA3857462ABE746B0000E4FB /* PBXTargetDependency */ = {
			isa = PBXTargetDependency;
			target = AA3857332ABE74690000E4FB /* Farmacine Now */;
			targetProxy = AA3857452ABE746B0000E4FB /* PBXContainerItemProxy */;
		};
		AA3857502ABE746B0000E4FB /* PBXTargetDependency */ = {
			isa = PBXTargetDependency;
			target = AA3857332ABE74690000E4FB /* Farmacine Now */;
			targetProxy = AA38574F2ABE746B0000E4FB /* PBXContainerItemProxy */;
		};
/* End PBXTargetDependency section */

/* Begin XCBuildConfiguration section */
		AA3857562ABE746B0000E4FB /* Debug */ = {
			isa = XCBuildConfiguration;
			buildSettings = {
				ALWAYS_SEARCH_USER_PATHS = NO;
				CLANG_ANALYZER_NONNULL = YES;
				CLANG_ANALYZER_NUMBER_OBJECT_CONVERSION = YES_AGGRESSIVE;
				CLANG_CXX_LANGUAGE_STANDARD = "gnu++20";
				CLANG_ENABLE_MODULES = YES;
				CLANG_ENABLE_OBJC_ARC = YES;
				CLANG_ENABLE_OBJC_WEAK = YES;
				CLANG_WARN_BLOCK_CAPTURE_AUTORELEASING = YES;
				CLANG_WARN_BOOL_CONVERSION = YES;
				CLANG_WARN_COMMA = YES;
				CLANG_WARN_CONSTANT_CONVERSION = YES;
				CLANG_WARN_DEPRECATED_OBJC_IMPLEMENTATIONS = YES;
				CLANG_WARN_DIRECT_OBJC_ISA_USAGE = YES_ERROR;
				CLANG_WARN_DOCUMENTATION_COMMENTS = YES;
				CLANG_WARN_EMPTY_BODY = YES;
				CLANG_WARN_ENUM_CONVERSION = YES;
				CLANG_WARN_INFINITE_RECURSION = YES;
				CLANG_WARN_INT_CONVERSION = YES;
				CLANG_WARN_NON_LITERAL_NULL_CONVERSION = YES;
				CLANG_WARN_OBJC_IMPLICIT_RETAIN_SELF = YES;
				CLANG_WARN_OBJC_LITERAL_CONVERSION = YES;
				CLANG_WARN_OBJC_ROOT_CLASS = YES_ERROR;
				CLANG_WARN_QUOTED_INCLUDE_IN_FRAMEWORK_HEADER = YES;
				CLANG_WARN_RANGE_LOOP_ANALYSIS = YES;
				CLANG_WARN_STRICT_PROTOTYPES = YES;
				CLANG_WARN_SUSPICIOUS_MOVE = YES;
				CLANG_WARN_UNGUARDED_AVAILABILITY = YES_AGGRESSIVE;
				CLANG_WARN_UNREACHABLE_CODE = YES;
				CLANG_WARN__DUPLICATE_METHOD_MATCH = YES;
				COPY_PHASE_STRIP = NO;
				DEBUG_INFORMATION_FORMAT = dwarf;
				ENABLE_STRICT_OBJC_MSGSEND = YES;
				ENABLE_TESTABILITY = YES;
				GCC_C_LANGUAGE_STANDARD = gnu11;
				GCC_DYNAMIC_NO_PIC = NO;
				GCC_NO_COMMON_BLOCKS = YES;
				GCC_OPTIMIZATION_LEVEL = 0;
				GCC_PREPROCESSOR_DEFINITIONS = (
					"DEBUG=1",
					"$(inherited)",
				);
				GCC_WARN_64_TO_32_BIT_CONVERSION = YES;
				GCC_WARN_ABOUT_RETURN_TYPE = YES_ERROR;
				GCC_WARN_UNDECLARED_SELECTOR = YES;
				GCC_WARN_UNINITIALIZED_AUTOS = YES_AGGRESSIVE;
				GCC_WARN_UNUSED_FUNCTION = YES;
				GCC_WARN_UNUSED_VARIABLE = YES;
				IPHONEOS_DEPLOYMENT_TARGET = 16.4;
				MTL_ENABLE_DEBUG_INFO = INCLUDE_SOURCE;
				MTL_FAST_MATH = YES;
				ONLY_ACTIVE_ARCH = YES;
				SDKROOT = iphoneos;
				SWIFT_ACTIVE_COMPILATION_CONDITIONS = DEBUG;
				SWIFT_OPTIMIZATION_LEVEL = "-Onone";
			};
			name = Debug;
		};
		AA3857572ABE746B0000E4FB /* Release */ = {
			isa = XCBuildConfiguration;
			buildSettings = {
				ALWAYS_SEARCH_USER_PATHS = NO;
				CLANG_ANALYZER_NONNULL = YES;
				CLANG_ANALYZER_NUMBER_OBJECT_CONVERSION = YES_AGGRESSIVE;
				CLANG_CXX_LANGUAGE_STANDARD = "gnu++20";
				CLANG_ENABLE_MODULES = YES;
				CLANG_ENABLE_OBJC_ARC = YES;
				CLANG_ENABLE_OBJC_WEAK = YES;
				CLANG_WARN_BLOCK_CAPTURE_AUTORELEASING = YES;
				CLANG_WARN_BOOL_CONVERSION = YES;
				CLANG_WARN_COMMA = YES;
				CLANG_WARN_CONSTANT_CONVERSION = YES;
				CLANG_WARN_DEPRECATED_OBJC_IMPLEMENTATIONS = YES;
				CLANG_WARN_DIRECT_OBJC_ISA_USAGE = YES_ERROR;
				CLANG_WARN_DOCUMENTATION_COMMENTS = YES;
				CLANG_WARN_EMPTY_BODY = YES;
				CLANG_WARN_ENUM_CONVERSION = YES;
				CLANG_WARN_INFINITE_RECURSION = YES;
				CLANG_WARN_INT_CONVERSION = YES;
				CLANG_WARN_NON_LITERAL_NULL_CONVERSION = YES;
				CLANG_WARN_OBJC_IMPLICIT_RETAIN_SELF = YES;
				CLANG_WARN_OBJC_LITERAL_CONVERSION = YES;
				CLANG_WARN_OBJC_ROOT_CLASS = YES_ERROR;
				CLANG_WARN_QUOTED_INCLUDE_IN_FRAMEWORK_HEADER = YES;
				CLANG_WARN_RANGE_LOOP_ANALYSIS = YES;
				CLANG_WARN_STRICT_PROTOTYPES = YES;
				CLANG_WARN_SUSPICIOUS_MOVE = YES;
				CLANG_WARN_UNGUARDED_AVAILABILITY = YES_AGGRESSIVE;
				CLANG_WARN_UNREACHABLE_CODE = YES;
				CLANG_WARN__DUPLICATE_METHOD_MATCH = YES;
				COPY_PHASE_STRIP = NO;
				DEBUG_INFORMATION_FORMAT = "dwarf-with-dsym";
				ENABLE_NS_ASSERTIONS = NO;
				ENABLE_STRICT_OBJC_MSGSEND = YES;
				GCC_C_LANGUAGE_STANDARD = gnu11;
				GCC_NO_COMMON_BLOCKS = YES;
				GCC_WARN_64_TO_32_BIT_CONVERSION = YES;
				GCC_WARN_ABOUT_RETURN_TYPE = YES_ERROR;
				GCC_WARN_UNDECLARED_SELECTOR = YES;
				GCC_WARN_UNINITIALIZED_AUTOS = YES_AGGRESSIVE;
				GCC_WARN_UNUSED_FUNCTION = YES;
				GCC_WARN_UNUSED_VARIABLE = YES;
				IPHONEOS_DEPLOYMENT_TARGET = 16.4;
				MTL_ENABLE_DEBUG_INFO = NO;
				MTL_FAST_MATH = YES;
				SDKROOT = iphoneos;
				SWIFT_COMPILATION_MODE = wholemodule;
				SWIFT_OPTIMIZATION_LEVEL = "-O";
				VALIDATE_PRODUCT = YES;
			};
			name = Release;
		};
		AA3857592ABE746B0000E4FB /* Debug */ = {
			isa = XCBuildConfiguration;
			buildSettings = {
				ASSETCATALOG_COMPILER_APPICON_NAME = AppIcon;
				ASSETCATALOG_COMPILER_GLOBAL_ACCENT_COLOR_NAME = AccentColor;
				CODE_SIGN_STYLE = Automatic;
				CURRENT_PROJECT_VERSION = 1;
				DEVELOPMENT_ASSET_PATHS = "\"Farmacine Now/Preview Content\"";
				DEVELOPMENT_TEAM = 9B4N3H28J7;
				ENABLE_PREVIEWS = YES;
				GENERATE_INFOPLIST_FILE = YES;
				INFOPLIST_KEY_LSApplicationCategoryType = "public.app-category.healthcare-fitness";
				INFOPLIST_KEY_UIApplicationSceneManifest_Generation = YES;
				INFOPLIST_KEY_UIApplicationSupportsIndirectInputEvents = YES;
				INFOPLIST_KEY_UILaunchScreen_Generation = YES;
				INFOPLIST_KEY_UISupportedInterfaceOrientations_iPad = "UIInterfaceOrientationPortrait UIInterfaceOrientationPortraitUpsideDown UIInterfaceOrientationLandscapeLeft UIInterfaceOrientationLandscapeRight";
				INFOPLIST_KEY_UISupportedInterfaceOrientations_iPhone = "UIInterfaceOrientationPortrait UIInterfaceOrientationLandscapeLeft UIInterfaceOrientationLandscapeRight";
				IPHONEOS_DEPLOYMENT_TARGET = 16.0;
				LD_RUNPATH_SEARCH_PATHS = (
					"$(inherited)",
					"@executable_path/Frameworks",
				);
				MARKETING_VERSION = 1.0;
				PRODUCT_BUNDLE_IDENTIFIER = "com.farmacinenow.Farmacine-Now";
				PRODUCT_NAME = "$(TARGET_NAME)";
				SWIFT_EMIT_LOC_STRINGS = YES;
				SWIFT_VERSION = 5.0;
				TARGETED_DEVICE_FAMILY = "1,2";
			};
			name = Debug;
		};
		AA38575A2ABE746B0000E4FB /* Release */ = {
			isa = XCBuildConfiguration;
			buildSettings = {
				ASSETCATALOG_COMPILER_APPICON_NAME = AppIcon;
				ASSETCATALOG_COMPILER_GLOBAL_ACCENT_COLOR_NAME = AccentColor;
				CODE_SIGN_STYLE = Automatic;
				CURRENT_PROJECT_VERSION = 1;
				DEVELOPMENT_ASSET_PATHS = "\"Farmacine Now/Preview Content\"";
				DEVELOPMENT_TEAM = 9B4N3H28J7;
				ENABLE_PREVIEWS = YES;
				GENERATE_INFOPLIST_FILE = YES;
				INFOPLIST_KEY_LSApplicationCategoryType = "public.app-category.healthcare-fitness";
				INFOPLIST_KEY_UIApplicationSceneManifest_Generation = YES;
				INFOPLIST_KEY_UIApplicationSupportsIndirectInputEvents = YES;
				INFOPLIST_KEY_UILaunchScreen_Generation = YES;
				INFOPLIST_KEY_UISupportedInterfaceOrientations_iPad = "UIInterfaceOrientationPortrait UIInterfaceOrientationPortraitUpsideDown UIInterfaceOrientationLandscapeLeft UIInterfaceOrientationLandscapeRight";
				INFOPLIST_KEY_UISupportedInterfaceOrientations_iPhone = "UIInterfaceOrientationPortrait UIInterfaceOrientationLandscapeLeft UIInterfaceOrientationLandscapeRight";
				IPHONEOS_DEPLOYMENT_TARGET = 16.0;
				LD_RUNPATH_SEARCH_PATHS = (
					"$(inherited)",
					"@executable_path/Frameworks",
				);
				MARKETING_VERSION = 1.0;
				PRODUCT_BUNDLE_IDENTIFIER = "com.farmacinenow.Farmacine-Now";
				PRODUCT_NAME = "$(TARGET_NAME)";
				SWIFT_EMIT_LOC_STRINGS = YES;
				SWIFT_VERSION = 5.0;
				TARGETED_DEVICE_FAMILY = "1,2";
			};
			name = Release;
		};
		AA38575C2ABE746B0000E4FB /* Debug */ = {
			isa = XCBuildConfiguration;
			buildSettings = {
				ALWAYS_EMBED_SWIFT_STANDARD_LIBRARIES = YES;
				BUNDLE_LOADER = "$(TEST_HOST)";
				CODE_SIGN_STYLE = Automatic;
				CURRENT_PROJECT_VERSION = 1;
				DEVELOPMENT_TEAM = 9B4N3H28J7;
				GENERATE_INFOPLIST_FILE = YES;
				IPHONEOS_DEPLOYMENT_TARGET = 16.4;
				MARKETING_VERSION = 1.0;
				PRODUCT_BUNDLE_IDENTIFIER = "com.farmacinenow.Farmacine-NowTests";
				PRODUCT_NAME = "$(TARGET_NAME)";
				SWIFT_EMIT_LOC_STRINGS = NO;
				SWIFT_VERSION = 5.0;
				TARGETED_DEVICE_FAMILY = "1,2";
				TEST_HOST = "$(BUILT_PRODUCTS_DIR)/Farmacine Now.app/$(BUNDLE_EXECUTABLE_FOLDER_PATH)/Farmacine Now";
			};
			name = Debug;
		};
		AA38575D2ABE746B0000E4FB /* Release */ = {
			isa = XCBuildConfiguration;
			buildSettings = {
				ALWAYS_EMBED_SWIFT_STANDARD_LIBRARIES = YES;
				BUNDLE_LOADER = "$(TEST_HOST)";
				CODE_SIGN_STYLE = Automatic;
				CURRENT_PROJECT_VERSION = 1;
				DEVELOPMENT_TEAM = 9B4N3H28J7;
				GENERATE_INFOPLIST_FILE = YES;
				IPHONEOS_DEPLOYMENT_TARGET = 16.4;
				MARKETING_VERSION = 1.0;
				PRODUCT_BUNDLE_IDENTIFIER = "com.farmacinenow.Farmacine-NowTests";
				PRODUCT_NAME = "$(TARGET_NAME)";
				SWIFT_EMIT_LOC_STRINGS = NO;
				SWIFT_VERSION = 5.0;
				TARGETED_DEVICE_FAMILY = "1,2";
				TEST_HOST = "$(BUILT_PRODUCTS_DIR)/Farmacine Now.app/$(BUNDLE_EXECUTABLE_FOLDER_PATH)/Farmacine Now";
			};
			name = Release;
		};
		AA38575F2ABE746B0000E4FB /* Debug */ = {
			isa = XCBuildConfiguration;
			buildSettings = {
				ALWAYS_EMBED_SWIFT_STANDARD_LIBRARIES = YES;
				CODE_SIGN_STYLE = Automatic;
				CURRENT_PROJECT_VERSION = 1;
				DEVELOPMENT_TEAM = 9B4N3H28J7;
				GENERATE_INFOPLIST_FILE = YES;
				MARKETING_VERSION = 1.0;
				PRODUCT_BUNDLE_IDENTIFIER = "com.farmacinenow.Farmacine-NowUITests";
				PRODUCT_NAME = "$(TARGET_NAME)";
				SWIFT_EMIT_LOC_STRINGS = NO;
				SWIFT_VERSION = 5.0;
				TARGETED_DEVICE_FAMILY = "1,2";
				TEST_TARGET_NAME = "Farmacine Now";
			};
			name = Debug;
		};
		AA3857602ABE746B0000E4FB /* Release */ = {
			isa = XCBuildConfiguration;
			buildSettings = {
				ALWAYS_EMBED_SWIFT_STANDARD_LIBRARIES = YES;
				CODE_SIGN_STYLE = Automatic;
				CURRENT_PROJECT_VERSION = 1;
				DEVELOPMENT_TEAM = 9B4N3H28J7;
				GENERATE_INFOPLIST_FILE = YES;
				MARKETING_VERSION = 1.0;
				PRODUCT_BUNDLE_IDENTIFIER = "com.farmacinenow.Farmacine-NowUITests";
				PRODUCT_NAME = "$(TARGET_NAME)";
				SWIFT_EMIT_LOC_STRINGS = NO;
				SWIFT_VERSION = 5.0;
				TARGETED_DEVICE_FAMILY = "1,2";
				TEST_TARGET_NAME = "Farmacine Now";
			};
			name = Release;
		};
/* End XCBuildConfiguration section */

/* Begin XCConfigurationList section */
		AA38572F2ABE74690000E4FB /* Build configuration list for PBXProject "Farmacine Now" */ = {
			isa = XCConfigurationList;
			buildConfigurations = (
				AA3857562ABE746B0000E4FB /* Debug */,
				AA3857572ABE746B0000E4FB /* Release */,
			);
			defaultConfigurationIsVisible = 0;
			defaultConfigurationName = Release;
		};
		AA3857582ABE746B0000E4FB /* Build configuration list for PBXNativeTarget "Farmacine Now" */ = {
			isa = XCConfigurationList;
			buildConfigurations = (
				AA3857592ABE746B0000E4FB /* Debug */,
				AA38575A2ABE746B0000E4FB /* Release */,
			);
			defaultConfigurationIsVisible = 0;
			defaultConfigurationName = Release;
		};
		AA38575B2ABE746B0000E4FB /* Build configuration list for PBXNativeTarget "Farmacine NowTests" */ = {
			isa = XCConfigurationList;
			buildConfigurations = (
				AA38575C2ABE746B0000E4FB /* Debug */,
				AA38575D2ABE746B0000E4FB /* Release */,
			);
			defaultConfigurationIsVisible = 0;
			defaultConfigurationName = Release;
		};
		AA38575E2ABE746B0000E4FB /* Build configuration list for PBXNativeTarget "Farmacine NowUITests" */ = {
			isa = XCConfigurationList;
			buildConfigurations = (
				AA38575F2ABE746B0000E4FB /* Debug */,
				AA3857602ABE746B0000E4FB /* Release */,
			);
			defaultConfigurationIsVisible = 0;
			defaultConfigurationName = Release;
		};
/* End XCConfigurationList section */
	};
	rootObject = AA38572C2ABE74690000E4FB /* Project object */;
}
